// !$*UTF8*$!
{
	archiveVersion = 1;
	classes = {
	};
	objectVersion = 46;
	objects = {

/* Begin PBXBuildFile section */
		D75800E11B1DD7DA003B5965 /* main.m in Sources */ = {isa = PBXBuildFile; fileRef = D75800E01B1DD7DA003B5965 /* main.m */; };
		D75800E41B1DD7DA003B5965 /* AppDelegate.m in Sources */ = {isa = PBXBuildFile; fileRef = D75800E31B1DD7DA003B5965 /* AppDelegate.m */; };
		D75800E71B1DD7DA003B5965 /* ViewController.m in Sources */ = {isa = PBXBuildFile; fileRef = D75800E61B1DD7DA003B5965 /* ViewController.m */; };
		D75800EA1B1DD7DA003B5965 /* Main.storyboard in Resources */ = {isa = PBXBuildFile; fileRef = D75800E81B1DD7DA003B5965 /* Main.storyboard */; };
		D75800EC1B1DD7DA003B5965 /* Images.xcassets in Resources */ = {isa = PBXBuildFile; fileRef = D75800EB1B1DD7DA003B5965 /* Images.xcassets */; };
		D75800EF1B1DD7DA003B5965 /* LaunchScreen.xib in Resources */ = {isa = PBXBuildFile; fileRef = D75800ED1B1DD7DA003B5965 /* LaunchScreen.xib */; };
		D75800FB1B1DD7DA003B5965 /* MyNotesTests.m in Sources */ = {isa = PBXBuildFile; fileRef = D75800FA1B1DD7DA003B5965 /* MyNotesTests.m */; };
		D75801061B1DD96A003B5965 /* DetailViewController.m in Sources */ = {isa = PBXBuildFile; fileRef = D75801051B1DD96A003B5965 /* DetailViewController.m */; };
		D758010A1B1DDCE0003B5965 /* Note.m in Sources */ = {isa = PBXBuildFile; fileRef = D75801091B1DDCE0003B5965 /* Note.m */; };
		D758010E1B1DDDE6003B5965 /* NoteDao.m in Sources */ = {isa = PBXBuildFile; fileRef = D758010D1B1DDDE6003B5965 /* NoteDao.m */; };
		D7FE78E31B1F03B100455A1C /* NSObject+BlockTool.m in Sources */ = {isa = PBXBuildFile; fileRef = D7FE78E21B1F03B100455A1C /* NSObject+BlockTool.m */; };
/* End PBXBuildFile section */

/* Begin PBXContainerItemProxy section */
		D75800F51B1DD7DA003B5965 /* PBXContainerItemProxy */ = {
			isa = PBXContainerItemProxy;
			containerPortal = D75800D31B1DD7DA003B5965 /* Project object */;
			proxyType = 1;
			remoteGlobalIDString = D75800DA1B1DD7DA003B5965;
			remoteInfo = MyNotes;
		};
/* End PBXContainerItemProxy section */

/* Begin PBXFileReference section */
		D75800DB1B1DD7DA003B5965 /* MyNotes.app */ = {isa = PBXFileReference; explicitFileType = wrapper.application; includeInIndex = 0; path = MyNotes.app; sourceTree = BUILT_PRODUCTS_DIR; };
		D75800DF1B1DD7DA003B5965 /* Info.plist */ = {isa = PBXFileReference; lastKnownFileType = text.plist.xml; path = Info.plist; sourceTree = "<group>"; };
		D75800E01B1DD7DA003B5965 /* main.m */ = {isa = PBXFileReference; lastKnownFileType = sourcecode.c.objc; path = main.m; sourceTree = "<group>"; };
		D75800E21B1DD7DA003B5965 /* AppDelegate.h */ = {isa = PBXFileReference; lastKnownFileType = sourcecode.c.h; path = AppDelegate.h; sourceTree = "<group>"; };
		D75800E31B1DD7DA003B5965 /* AppDelegate.m */ = {isa = PBXFileReference; lastKnownFileType = sourcecode.c.objc; path = AppDelegate.m; sourceTree = "<group>"; };
		D75800E51B1DD7DA003B5965 /* ViewController.h */ = {isa = PBXFileReference; lastKnownFileType = sourcecode.c.h; path = ViewController.h; sourceTree = "<group>"; };
		D75800E61B1DD7DA003B5965 /* ViewController.m */ = {isa = PBXFileReference; lastKnownFileType = sourcecode.c.objc; path = ViewController.m; sourceTree = "<group>"; };
		D75800E91B1DD7DA003B5965 /* Base */ = {isa = PBXFileReference; lastKnownFileType = file.storyboard; name = Base; path = Base.lproj/Main.storyboard; sourceTree = "<group>"; };
		D75800EB1B1DD7DA003B5965 /* Images.xcassets */ = {isa = PBXFileReference; lastKnownFileType = folder.assetcatalog; path = Images.xcassets; sourceTree = "<group>"; };
		D75800EE1B1DD7DA003B5965 /* Base */ = {isa = PBXFileReference; lastKnownFileType = file.xib; name = Base; path = Base.lproj/LaunchScreen.xib; sourceTree = "<group>"; };
		D75800F41B1DD7DA003B5965 /* MyNotesTests.xctest */ = {isa = PBXFileReference; explicitFileType = wrapper.cfbundle; includeInIndex = 0; path = MyNotesTests.xctest; sourceTree = BUILT_PRODUCTS_DIR; };
		D75800F91B1DD7DA003B5965 /* Info.plist */ = {isa = PBXFileReference; lastKnownFileType = text.plist.xml; path = Info.plist; sourceTree = "<group>"; };
		D75800FA1B1DD7DA003B5965 /* MyNotesTests.m */ = {isa = PBXFileReference; lastKnownFileType = sourcecode.c.objc; path = MyNotesTests.m; sourceTree = "<group>"; };
		D75801041B1DD96A003B5965 /* DetailViewController.h */ = {isa = PBXFileReference; fileEncoding = 4; lastKnownFileType = sourcecode.c.h; path = DetailViewController.h; sourceTree = "<group>"; };
		D75801051B1DD96A003B5965 /* DetailViewController.m */ = {isa = PBXFileReference; fileEncoding = 4; lastKnownFileType = sourcecode.c.objc; path = DetailViewController.m; sourceTree = "<group>"; };
		D75801081B1DDCE0003B5965 /* Note.h */ = {isa = PBXFileReference; fileEncoding = 4; lastKnownFileType = sourcecode.c.h; path = Note.h; sourceTree = "<group>"; };
		D75801091B1DDCE0003B5965 /* Note.m */ = {isa = PBXFileReference; fileEncoding = 4; lastKnownFileType = sourcecode.c.objc; path = Note.m; sourceTree = "<group>"; };
		D758010C1B1DDDE6003B5965 /* NoteDao.h */ = {isa = PBXFileReference; fileEncoding = 4; lastKnownFileType = sourcecode.c.h; path = NoteDao.h; sourceTree = "<group>"; };
		D758010D1B1DDDE6003B5965 /* NoteDao.m */ = {isa = PBXFileReference; fileEncoding = 4; lastKnownFileType = sourcecode.c.objc; path = NoteDao.m; sourceTree = "<group>"; };
		D7FE78E11B1F03B100455A1C /* NSObject+BlockTool.h */ = {isa = PBXFileReference; fileEncoding = 4; lastKnownFileType = sourcecode.c.h; path = "NSObject+BlockTool.h"; sourceTree = "<group>"; };
		D7FE78E21B1F03B100455A1C /* NSObject+BlockTool.m */ = {isa = PBXFileReference; fileEncoding = 4; lastKnownFileType = sourcecode.c.objc; path = "NSObject+BlockTool.m"; sourceTree = "<group>"; };
/* End PBXFileReference section */

/* Begin PBXFrameworksBuildPhase section */
		D75800D81B1DD7DA003B5965 /* Frameworks */ = {
			isa = PBXFrameworksBuildPhase;
			buildActionMask = 2147483647;
			files = (
			);
			runOnlyForDeploymentPostprocessing = 0;
		};
		D75800F11B1DD7DA003B5965 /* Frameworks */ = {
			isa = PBXFrameworksBuildPhase;
			buildActionMask = 2147483647;
			files = (
			);
			runOnlyForDeploymentPostprocessing = 0;
		};
/* End PBXFrameworksBuildPhase section */

/* Begin PBXGroup section */
		D75800D21B1DD7DA003B5965 = {
			isa = PBXGroup;
			children = (
				D75800DD1B1DD7DA003B5965 /* MyNotes */,
				D75800F71B1DD7DA003B5965 /* MyNotesTests */,
				D75800DC1B1DD7DA003B5965 /* Products */,
			);
			sourceTree = "<group>";
		};
		D75800DC1B1DD7DA003B5965 /* Products */ = {
			isa = PBXGroup;
			children = (
				D75800DB1B1DD7DA003B5965 /* MyNotes.app */,
				D75800F41B1DD7DA003B5965 /* MyNotesTests.xctest */,
			);
			name = Products;
			sourceTree = "<group>";
		};
		D75800DD1B1DD7DA003B5965 /* MyNotes */ = {
			isa = PBXGroup;
			children = (
				D75800E21B1DD7DA003B5965 /* AppDelegate.h */,
				D75800E31B1DD7DA003B5965 /* AppDelegate.m */,
				D75800E51B1DD7DA003B5965 /* ViewController.h */,
				D75800E61B1DD7DA003B5965 /* ViewController.m */,
				D75801041B1DD96A003B5965 /* DetailViewController.h */,
				D75801051B1DD96A003B5965 /* DetailViewController.m */,
				D75800E81B1DD7DA003B5965 /* Main.storyboard */,
				D75800EB1B1DD7DA003B5965 /* Images.xcassets */,
				D75800ED1B1DD7DA003B5965 /* LaunchScreen.xib */,
				D7FE78E01B1F033B00455A1C /* tools */,
				D758010B1B1DDDD6003B5965 /* dao */,
				D75801071B1DDCAF003B5965 /* domain */,
				D75800DE1B1DD7DA003B5965 /* Supporting Files */,
			);
			path = MyNotes;
			sourceTree = "<group>";
		};
		D75800DE1B1DD7DA003B5965 /* Supporting Files */ = {
			isa = PBXGroup;
			children = (
				D75800DF1B1DD7DA003B5965 /* Info.plist */,
				D75800E01B1DD7DA003B5965 /* main.m */,
			);
			name = "Supporting Files";
			sourceTree = "<group>";
		};
		D75800F71B1DD7DA003B5965 /* MyNotesTests */ = {
			isa = PBXGroup;
			children = (
				D75800FA1B1DD7DA003B5965 /* MyNotesTests.m */,
				D75800F81B1DD7DA003B5965 /* Supporting Files */,
			);
			path = MyNotesTests;
			sourceTree = "<group>";
		};
		D75800F81B1DD7DA003B5965 /* Supporting Files */ = {
			isa = PBXGroup;
			children = (
				D75800F91B1DD7DA003B5965 /* Info.plist */,
			);
			name = "Supporting Files";
			sourceTree = "<group>";
		};
		D75801071B1DDCAF003B5965 /* domain */ = {
			isa = PBXGroup;
			children = (
				D75801081B1DDCE0003B5965 /* Note.h */,
				D75801091B1DDCE0003B5965 /* Note.m */,
			);
			name = domain;
			path = ..;
			sourceTree = "<group>";
		};
		D758010B1B1DDDD6003B5965 /* dao */ = {
			isa = PBXGroup;
			children = (
				D758010C1B1DDDE6003B5965 /* NoteDao.h */,
				D758010D1B1DDDE6003B5965 /* NoteDao.m */,
			);
			name = dao;
			path = ..;
			sourceTree = "<group>";
		};
		D7FE78E01B1F033B00455A1C /* tools */ = {
			isa = PBXGroup;
			children = (
				D7FE78E11B1F03B100455A1C /* NSObject+BlockTool.h */,
				D7FE78E21B1F03B100455A1C /* NSObject+BlockTool.m */,
			);
			name = tools;
			path = ..;
			sourceTree = "<group>";
		};
/* End PBXGroup section */

/* Begin PBXNativeTarget section */
		D75800DA1B1DD7DA003B5965 /* MyNotes */ = {
			isa = PBXNativeTarget;
			buildConfigurationList = D75800FE1B1DD7DA003B5965 /* Build configuration list for PBXNativeTarget "MyNotes" */;
			buildPhases = (
				D75800D71B1DD7DA003B5965 /* Sources */,
				D75800D81B1DD7DA003B5965 /* Frameworks */,
				D75800D91B1DD7DA003B5965 /* Resources */,
			);
			buildRules = (
			);
			dependencies = (
			);
			name = MyNotes;
			productName = MyNotes;
			productReference = D75800DB1B1DD7DA003B5965 /* MyNotes.app */;
			productType = "com.apple.product-type.application";
		};
		D75800F31B1DD7DA003B5965 /* MyNotesTests */ = {
			isa = PBXNativeTarget;
			buildConfigurationList = D75801011B1DD7DA003B5965 /* Build configuration list for PBXNativeTarget "MyNotesTests" */;
			buildPhases = (
				D75800F01B1DD7DA003B5965 /* Sources */,
				D75800F11B1DD7DA003B5965 /* Frameworks */,
				D75800F21B1DD7DA003B5965 /* Resources */,
			);
			buildRules = (
			);
			dependencies = (
				D75800F61B1DD7DA003B5965 /* PBXTargetDependency */,
			);
			name = MyNotesTests;
			productName = MyNotesTests;
			productReference = D75800F41B1DD7DA003B5965 /* MyNotesTests.xctest */;
			productType = "com.apple.product-type.bundle.unit-test";
		};
/* End PBXNativeTarget section */

/* Begin PBXProject section */
		D75800D31B1DD7DA003B5965 /* Project object */ = {
			isa = PBXProject;
			attributes = {
				LastUpgradeCheck = 0630;
				ORGANIZATIONNAME = yangyh1012;
				TargetAttributes = {
					D75800DA1B1DD7DA003B5965 = {
						CreatedOnToolsVersion = 6.3.2;
					};
					D75800F31B1DD7DA003B5965 = {
						CreatedOnToolsVersion = 6.3.2;
						TestTargetID = D75800DA1B1DD7DA003B5965;
					};
				};
			};
			buildConfigurationList = D75800D61B1DD7DA003B5965 /* Build configuration list for PBXProject "MyNotes" */;
			compatibilityVersion = "Xcode 3.2";
			developmentRegion = English;
			hasScannedForEncodings = 0;
			knownRegions = (
				en,
				Base,
			);
			mainGroup = D75800D21B1DD7DA003B5965;
			productRefGroup = D75800DC1B1DD7DA003B5965 /* Products */;
			projectDirPath = "";
			projectRoot = "";
			targets = (
				D75800DA1B1DD7DA003B5965 /* MyNotes */,
				D75800F31B1DD7DA003B5965 /* MyNotesTests */,
			);
		};
/* End PBXProject section */

/* Begin PBXResourcesBuildPhase section */
		D75800D91B1DD7DA003B5965 /* Resources */ = {
			isa = PBXResourcesBuildPhase;
			buildActionMask = 2147483647;
			files = (
				D75800EA1B1DD7DA003B5965 /* Main.storyboard in Resources */,
				D75800EF1B1DD7DA003B5965 /* LaunchScreen.xib in Resources */,
				D75800EC1B1DD7DA003B5965 /* Images.xcassets in Resources */,
			);
			runOnlyForDeploymentPostprocessing = 0;
		};
		D75800F21B1DD7DA003B5965 /* Resources */ = {
			isa = PBXResourcesBuildPhase;
			buildActionMask = 2147483647;
			files = (
			);
			runOnlyForDeploymentPostprocessing = 0;
		};
/* End PBXResourcesBuildPhase section */

/* Begin PBXSourcesBuildPhase section */
		D75800D71B1DD7DA003B5965 /* Sources */ = {
			isa = PBXSourcesBuildPhase;
			buildActionMask = 2147483647;
			files = (
				D758010A1B1DDCE0003B5965 /* Note.m in Sources */,
				D75800E71B1DD7DA003B5965 /* ViewController.m in Sources */,
				D7FE78E31B1F03B100455A1C /* NSObject+BlockTool.m in Sources */,
				D75800E41B1DD7DA003B5965 /* AppDelegate.m in Sources */,
				D75800E11B1DD7DA003B5965 /* main.m in Sources */,
				D758010E1B1DDDE6003B5965 /* NoteDao.m in Sources */,
				D75801061B1DD96A003B5965 /* DetailViewController.m in Sources */,
			);
			runOnlyForDeploymentPostprocessing = 0;
		};
		D75800F01B1DD7DA003B5965 /* Sources */ = {
			isa = PBXSourcesBuildPhase;
			buildActionMask = 2147483647;
			files = (
				D75800FB1B1DD7DA003B5965 /* MyNotesTests.m in Sources */,
			);
			runOnlyForDeploymentPostprocessing = 0;
		};
/* End PBXSourcesBuildPhase section */

/* Begin PBXTargetDependency section */
		D75800F61B1DD7DA003B5965 /* PBXTargetDependency */ = {
			isa = PBXTargetDependency;
			target = D75800DA1B1DD7DA003B5965 /* MyNotes */;
			targetProxy = D75800F51B1DD7DA003B5965 /* PBXContainerItemProxy */;
		};
/* End PBXTargetDependency section */

/* Begin PBXVariantGroup section */
		D75800E81B1DD7DA003B5965 /* Main.storyboard */ = {
			isa = PBXVariantGroup;
			children = (
				D75800E91B1DD7DA003B5965 /* Base */,
			);
			name = Main.storyboard;
			sourceTree = "<group>";
		};
		D75800ED1B1DD7DA003B5965 /* LaunchScreen.xib */ = {
			isa = PBXVariantGroup;
			children = (
				D75800EE1B1DD7DA003B5965 /* Base */,
			);
			name = LaunchScreen.xib;
			sourceTree = "<group>";
		};
/* End PBXVariantGroup section */

/* Begin XCBuildConfiguration section */
		D75800FC1B1DD7DA003B5965 /* Debug */ = {
			isa = XCBuildConfiguration;
			buildSettings = {
				ALWAYS_SEARCH_USER_PATHS = NO;
				CLANG_CXX_LANGUAGE_STANDARD = "gnu++0x";
				CLANG_CXX_LIBRARY = "libc++";
				CLANG_ENABLE_MODULES = YES;
				CLANG_ENABLE_OBJC_ARC = YES;
				CLANG_WARN_BOOL_CONVERSION = YES;
				CLANG_WARN_CONSTANT_CONVERSION = YES;
				CLANG_WARN_DIRECT_OBJC_ISA_USAGE = YES_ERROR;
				CLANG_WARN_EMPTY_BODY = YES;
				CLANG_WARN_ENUM_CONVERSION = YES;
				CLANG_WARN_INT_CONVERSION = YES;
				CLANG_WARN_OBJC_ROOT_CLASS = YES_ERROR;
				CLANG_WARN_UNREACHABLE_CODE = YES;
				CLANG_WARN__DUPLICATE_METHOD_MATCH = YES;
				"CODE_SIGN_IDENTITY[sdk=iphoneos*]" = "iPhone Developer";
				COPY_PHASE_STRIP = NO;
				DEBUG_INFORMATION_FORMAT = "dwarf-with-dsym";
				ENABLE_STRICT_OBJC_MSGSEND = YES;
				GCC_C_LANGUAGE_STANDARD = gnu99;
				GCC_DYNAMIC_NO_PIC = NO;
				GCC_NO_COMMON_BLOCKS = YES;
				GCC_OPTIMIZATION_LEVEL = 0;
				GCC_PREPROCESSOR_DEFINITIONS = (
					"DEBUG=1",
					"$(inherited)",
				);
				GCC_SYMBOLS_PRIVATE_EXTERN = NO;
				GCC_WARN_64_TO_32_BIT_CONVERSION = YES;
				GCC_WARN_ABOUT_RETURN_TYPE = YES_ERROR;
				GCC_WARN_UNDECLARED_SELECTOR = YES;
				GCC_WARN_UNINITIALIZED_AUTOS = YES_AGGRESSIVE;
				GCC_WARN_UNUSED_FUNCTION = YES;
				GCC_WARN_UNUSED_VARIABLE = YES;
				IPHONEOS_DEPLOYMENT_TARGET = 8.3;
				MTL_ENABLE_DEBUG_INFO = YES;
				ONLY_ACTIVE_ARCH = YES;
				SDKROOT = iphoneos;
				TARGETED_DEVICE_FAMILY = "1,2";
			};
			name = Debug;
		};
		D75800FD1B1DD7DA003B5965 /* Release */ = {
			isa = XCBuildConfiguration;
			buildSettings = {
				ALWAYS_SEARCH_USER_PATHS = NO;
				CLANG_CXX_LANGUAGE_STANDARD = "gnu++0x";
				CLANG_CXX_LIBRARY = "libc++";
				CLANG_ENABLE_MODULES = YES;
				CLANG_ENABLE_OBJC_ARC = YES;
				CLANG_WARN_BOOL_CONVERSION = YES;
				CLANG_WARN_CONSTANT_CONVERSION = YES;
				CLANG_WARN_DIRECT_OBJC_ISA_USAGE = YES_ERROR;
				CLANG_WARN_EMPTY_BODY = YES;
				CLANG_WARN_ENUM_CONVERSION = YES;
				CLANG_WARN_INT_CONVERSION = YES;
				CLANG_WARN_OBJC_ROOT_CLASS = YES_ERROR;
				CLANG_WARN_UNREACHABLE_CODE = YES;
				CLANG_WARN__DUPLICATE_METHOD_MATCH = YES;
				"CODE_SIGN_IDENTITY[sdk=iphoneos*]" = "iPhone Developer";
				COPY_PHASE_STRIP = NO;
				DEBUG_INFORMATION_FORMAT = "dwarf-with-dsym";
				ENABLE_NS_ASSERTIONS = NO;
				ENABLE_STRICT_OBJC_MSGSEND = YES;
				GCC_C_LANGUAGE_STANDARD = gnu99;
				GCC_NO_COMMON_BLOCKS = YES;
				GCC_WARN_64_TO_32_BIT_CONVERSION = YES;
				GCC_WARN_ABOUT_RETURN_TYPE = YES_ERROR;
				GCC_WARN_UNDECLARED_SELECTOR = YES;
				GCC_WARN_UNINITIALIZED_AUTOS = YES_AGGRESSIVE;
				GCC_WARN_UNUSED_FUNCTION = YES;
				GCC_WARN_UNUSED_VARIABLE = YES;
				IPHONEOS_DEPLOYMENT_TARGET = 8.3;
				MTL_ENABLE_DEBUG_INFO = NO;
				SDKROOT = iphoneos;
				TARGETED_DEVICE_FAMILY = "1,2";
				VALIDATE_PRODUCT = YES;
			};
			name = Release;
		};
		D75800FF1B1DD7DA003B5965 /* Debug */ = {
			isa = XCBuildConfiguration;
			buildSettings = {
				ASSETCATALOG_COMPILER_APPICON_NAME = AppIcon;
				INFOPLIST_FILE = MyNotes/Info.plist;
				LD_RUNPATH_SEARCH_PATHS = "$(inherited) @executable_path/Frameworks";
				PRODUCT_NAME = "$(TARGET_NAME)";
			};
			name = Debug;
		};
		D75801001B1DD7DA003B5965 /* Release */ = {
			isa = XCBuildConfiguration;
			buildSettings = {
				ASSETCATALOG_COMPILER_APPICON_NAME = AppIcon;
				INFOPLIST_FILE = MyNotes/Info.plist;
				LD_RUNPATH_SEARCH_PATHS = "$(inherited) @executable_path/Frameworks";
				PRODUCT_NAME = "$(TARGET_NAME)";
			};
			name = Release;
		};
		D75801021B1DD7DA003B5965 /* Debug */ = {
			isa = XCBuildConfiguration;
			buildSettings = {
				BUNDLE_LOADER = "$(TEST_HOST)";
				FRAMEWORK_SEARCH_PATHS = (
					"$(SDKROOT)/Developer/Library/Frameworks",
					"$(inherited)",
				);
				GCC_PREPROCESSOR_DEFINITIONS = (
					"DEBUG=1",
					"$(inherited)",
				);
				INFOPLIST_FILE = MyNotesTests/Info.plist;
				LD_RUNPATH_SEARCH_PATHS = "$(inherited) @executable_path/Frameworks @loader_path/Frameworks";
				PRODUCT_NAME = "$(TARGET_NAME)";
				TEST_HOST = "$(BUILT_PRODUCTS_DIR)/MyNotes.app/MyNotes";
			};
			name = Debug;
		};
		D75801031B1DD7DA003B5965 /* Release */ = {
			isa = XCBuildConfiguration;
			buildSettings = {
				BUNDLE_LOADER = "$(TEST_HOST)";
				FRAMEWORK_SEARCH_PATHS = (
					"$(SDKROOT)/Developer/Library/Frameworks",
					"$(inherited)",
				);
				INFOPLIST_FILE = MyNotesTests/Info.plist;
				LD_RUNPATH_SEARCH_PATHS = "$(inherited) @executable_path/Frameworks @loader_path/Frameworks";
				PRODUCT_NAME = "$(TARGET_NAME)";
				TEST_HOST = "$(BUILT_PRODUCTS_DIR)/MyNotes.app/MyNotes";
			};
			name = Release;
		};
/* End XCBuildConfiguration section */

/* Begin XCConfigurationList section */
		D75800D61B1DD7DA003B5965 /* Build configuration list for PBXProject "MyNotes" */ = {
			isa = XCConfigurationList;
			buildConfigurations = (
				D75800FC1B1DD7DA003B5965 /* Debug */,
				D75800FD1B1DD7DA003B5965 /* Release */,
			);
			defaultConfigurationIsVisible = 0;
			defaultConfigurationName = Release;
		};
		D75800FE1B1DD7DA003B5965 /* Build configuration list for PBXNativeTarget "MyNotes" */ = {
			isa = XCConfigurationList;
			buildConfigurations = (
				D75800FF1B1DD7DA003B5965 /* Debug */,
				D75801001B1DD7DA003B5965 /* Release */,
			);
			defaultConfigurationIsVisible = 0;
			defaultConfigurationName = Release;
		};
		D75801011B1DD7DA003B5965 /* Build configuration list for PBXNativeTarget "MyNotesTests" */ = {
			isa = XCConfigurationList;
			buildConfigurations = (
				D75801021B1DD7DA003B5965 /* Debug */,
				D75801031B1DD7DA003B5965 /* Release */,
			);
			defaultConfigurationIsVisible = 0;
			defaultConfigurationName = Release;
		};
/* End XCConfigurationList section */
	};
	rootObject = D75800D31B1DD7DA003B5965 /* Project object */;
}
